PODS:
  - Alamofire (4.9.0)
  - DTGradientButton (0.1.3)
  - SDWebImage (5.2.3):
    - SDWebImage/Core (= 5.2.3)
  - SDWebImage/Core (5.2.3)

DEPENDENCIES:
  - Alamofire
  - DTGradientButton
  - SDWebImage

SPEC REPOS:
  trunk:
    - Alamofire
    - DTGradientButton
    - SDWebImage

SPEC CHECKSUMS:
  Alamofire: afc3e7c6db61476cb45cdd23fed06bad03bbc321
  DTGradientButton: 6f0f696cd433255d226c05e4ab047d991d13d4ef
  SDWebImage: 46a7f73228f84ce80990c786e4372cf4db5875ce

PODFILE CHECKSUM: 80933214b738eb37ddda7660a885552f282b7192

COCOAPODS: 1.8.3
